
Microsoft Visual Studio Solution File, Format Version 12.00
# Visual Studio Version 17
VisualStudioVersion = 17.0.31903.59
MinimumVisualStudioVersion = 10.0.40219.1
Project("{2150E333-8FDC-42A3-9474-1A3956D46DE8}") = "Packages", "Packages", "{8D946880-3E19-45F1-B518-D6E028F7BA0E}"
EndProject
Project("{F2A71F9B-5D33-465A-A702-920D77279786}") = "Glutinum.WebGPU", "Packages\Glutinum.WebGPU\Glutinum.WebGPU.fsproj", "{5FA754ED-46E0-40C0-B97C-51638A131E8E}"
EndProject
Project("{F2A71F9B-5D33-465A-A702-920D77279786}") = "Demo", "Demo\Demo.fsproj", "{08C745CC-018A-4BEC-B7EA-C2626A3DB01E}"
EndProject
Global
	GlobalSection(SolutionConfigurationPlatforms) = preSolution
		Debug|Any CPU = Debug|Any CPU
		Release|Any CPU = Release|Any CPU
	EndGlobalSection
	GlobalSection(SolutionProperties) = preSolution
		HideSolutionNode = FALSE
	EndGlobalSection
	GlobalSection(ProjectConfigurationPlatforms) = postSolution
		{5FA754ED-46E0-40C0-B97C-51638A131E8E}.Debug|Any CPU.ActiveCfg = Debug|Any CPU
		{5FA754ED-46E0-40C0-B97C-51638A131E8E}.Debug|Any CPU.Build.0 = Debug|Any CPU
		{5FA754ED-46E0-40C0-B97C-51638A131E8E}.Release|Any CPU.ActiveCfg = Release|Any CPU
		{5FA754ED-46E0-40C0-B97C-51638A131E8E}.Release|Any CPU.Build.0 = Release|Any CPU
		{08C745CC-018A-4BEC-B7EA-C2626A3DB01E}.Debug|Any CPU.ActiveCfg = Debug|Any CPU
		{08C745CC-018A-4BEC-B7EA-C2626A3DB01E}.Debug|Any CPU.Build.0 = Debug|Any CPU
		{08C745CC-018A-4BEC-B7EA-C2626A3DB01E}.Release|Any CPU.ActiveCfg = Release|Any CPU
		{08C745CC-018A-4BEC-B7EA-C2626A3DB01E}.Release|Any CPU.Build.0 = Release|Any CPU
	EndGlobalSection
	GlobalSection(NestedProjects) = preSolution
		{5FA754ED-46E0-40C0-B97C-51638A131E8E} = {8D946880-3E19-45F1-B518-D6E028F7BA0E}
	EndGlobalSection
EndGlobal
